
Microsoft Visual Studio Solution File, Format Version 12.00
# Visual Studio Version 16
VisualStudioVersion = 16.0.31112.23
MinimumVisualStudioVersion = 10.0.40219.1
Project("{9A19103F-16F7-4668-BE54-9A1E7A4F7556}") = "WebShop.Domain", "WebShop.Domain\WebShop.Domain.csproj", "{C1FCB2E8-7964-4220-AB0A-8261B093A6CB}"
EndProject
Project("{9A19103F-16F7-4668-BE54-9A1E7A4F7556}") = "WebShop.Infrastructure", "WebShop.Infrastructure\WebShop.Infrastructure.csproj", "{39A69C57-3223-41DC-ACF0-5302AFE2D740}"
EndProject
Project("{FAE04EC0-301F-11D3-BF4B-00C04F79EFBC}") = "WebShop.UI", "WebShop.UI\WebShop.UI.csproj", "{5F4BFB6F-9E7D-4A72-9709-83EF74544CC2}"
EndProject
Project("{9A19103F-16F7-4668-BE54-9A1E7A4F7556}") = "WebShop.AppLogic", "Webshop.AppLogic\WebShop.AppLogic.csproj", "{6D3A8F14-614B-48DB-9134-69ED3039FA26}"
EndProject
Project("{FAE04EC0-301F-11D3-BF4B-00C04F79EFBC}") = "WebShop.Domain.Tests", "WebShop.Domain.Tests\WebShop.Domain.Tests.csproj", "{38D13AAC-4CEB-424D-84FA-E6BC2D5A363E}"
EndProject
Global
	GlobalSection(SolutionConfigurationPlatforms) = preSolution
		Debug|Any CPU = Debug|Any CPU
		Release|Any CPU = Release|Any CPU
	EndGlobalSection
	GlobalSection(ProjectConfigurationPlatforms) = postSolution
		{C1FCB2E8-7964-4220-AB0A-8261B093A6CB}.Debug|Any CPU.ActiveCfg = Debug|Any CPU
		{C1FCB2E8-7964-4220-AB0A-8261B093A6CB}.Debug|Any CPU.Build.0 = Debug|Any CPU
		{C1FCB2E8-7964-4220-AB0A-8261B093A6CB}.Release|Any CPU.ActiveCfg = Release|Any CPU
		{C1FCB2E8-7964-4220-AB0A-8261B093A6CB}.Release|Any CPU.Build.0 = Release|Any CPU
		{39A69C57-3223-41DC-ACF0-5302AFE2D740}.Debug|Any CPU.ActiveCfg = Debug|Any CPU
		{39A69C57-3223-41DC-ACF0-5302AFE2D740}.Debug|Any CPU.Build.0 = Debug|Any CPU
		{39A69C57-3223-41DC-ACF0-5302AFE2D740}.Release|Any CPU.ActiveCfg = Release|Any CPU
		{39A69C57-3223-41DC-ACF0-5302AFE2D740}.Release|Any CPU.Build.0 = Release|Any CPU
		{5F4BFB6F-9E7D-4A72-9709-83EF74544CC2}.Debug|Any CPU.ActiveCfg = Debug|Any CPU
		{5F4BFB6F-9E7D-4A72-9709-83EF74544CC2}.Debug|Any CPU.Build.0 = Debug|Any CPU
		{5F4BFB6F-9E7D-4A72-9709-83EF74544CC2}.Release|Any CPU.ActiveCfg = Release|Any CPU
		{5F4BFB6F-9E7D-4A72-9709-83EF74544CC2}.Release|Any CPU.Build.0 = Release|Any CPU
		{6D3A8F14-614B-48DB-9134-69ED3039FA26}.Debug|Any CPU.ActiveCfg = Debug|Any CPU
		{6D3A8F14-614B-48DB-9134-69ED3039FA26}.Debug|Any CPU.Build.0 = Debug|Any CPU
		{6D3A8F14-614B-48DB-9134-69ED3039FA26}.Release|Any CPU.ActiveCfg = Release|Any CPU
		{6D3A8F14-614B-48DB-9134-69ED3039FA26}.Release|Any CPU.Build.0 = Release|Any CPU
		{38D13AAC-4CEB-424D-84FA-E6BC2D5A363E}.Debug|Any CPU.ActiveCfg = Debug|Any CPU
		{38D13AAC-4CEB-424D-84FA-E6BC2D5A363E}.Debug|Any CPU.Build.0 = Debug|Any CPU
		{38D13AAC-4CEB-424D-84FA-E6BC2D5A363E}.Release|Any CPU.ActiveCfg = Release|Any CPU
		{38D13AAC-4CEB-424D-84FA-E6BC2D5A363E}.Release|Any CPU.Build.0 = Release|Any CPU
	EndGlobalSection
	GlobalSection(SolutionProperties) = preSolution
		HideSolutionNode = FALSE
	EndGlobalSection
	GlobalSection(ExtensibilityGlobals) = postSolution
		SolutionGuid = {259A7D04-0330-4C2F-889C-1AEAF0E2881D}
	EndGlobalSection
EndGlobal
